// !$*UTF8*$!
{
	archiveVersion = 1;
	classes = {
	};
	objectVersion = 55;
	objects = {

/* Begin PBXBuildFile section */
		9743EEC92956F1AE0057DEC6 /* MenuTableViewCell.swift in Sources */ = {isa = PBXBuildFile; fileRef = 9743EEC82956F1AE0057DEC6 /* MenuTableViewCell.swift */; };
		9743EECC2956F8270057DEC6 /* Models.swift in Sources */ = {isa = PBXBuildFile; fileRef = 9743EECB2956F8270057DEC6 /* Models.swift */; };
		9743EECF2956F85F0057DEC6 /* MenuViewModel.swift in Sources */ = {isa = PBXBuildFile; fileRef = 9743EECE2956F85F0057DEC6 /* MenuViewModel.swift */; };
		9743EED32956FA230057DEC6 /* MenuCellController.swift in Sources */ = {isa = PBXBuildFile; fileRef = 9743EED22956FA230057DEC6 /* MenuCellController.swift */; };
		9768CCAC294CB1EF007F1193 /* AppDelegate.swift in Sources */ = {isa = PBXBuildFile; fileRef = 9768CCAB294CB1EF007F1193 /* AppDelegate.swift */; };
		9768CCAE294CB1EF007F1193 /* SceneDelegate.swift in Sources */ = {isa = PBXBuildFile; fileRef = 9768CCAD294CB1EF007F1193 /* SceneDelegate.swift */; };
		9768CCB0294CB1EF007F1193 /* ViewController.swift in Sources */ = {isa = PBXBuildFile; fileRef = 9768CCAF294CB1EF007F1193 /* ViewController.swift */; };
		9768CCB3294CB1EF007F1193 /* Main.storyboard in Resources */ = {isa = PBXBuildFile; fileRef = 9768CCB1294CB1EF007F1193 /* Main.storyboard */; };
		9768CCB5294CB1F0007F1193 /* Assets.xcassets in Resources */ = {isa = PBXBuildFile; fileRef = 9768CCB4294CB1F0007F1193 /* Assets.xcassets */; };
		9768CCB8294CB1F0007F1193 /* LaunchScreen.storyboard in Resources */ = {isa = PBXBuildFile; fileRef = 9768CCB6294CB1F0007F1193 /* LaunchScreen.storyboard */; };
		9768CCC3294CB1F1007F1193 /* CaculatorAppTests.swift in Sources */ = {isa = PBXBuildFile; fileRef = 9768CCC2294CB1F1007F1193 /* CaculatorAppTests.swift */; };
/* End PBXBuildFile section */

/* Begin PBXContainerItemProxy section */
		9768CCBF294CB1F1007F1193 /* PBXContainerItemProxy */ = {
			isa = PBXContainerItemProxy;
			containerPortal = 9768CCA0294CB1EF007F1193 /* Project object */;
			proxyType = 1;
			remoteGlobalIDString = 9768CCA7294CB1EF007F1193;
			remoteInfo = CaculatorApp;
		};
/* End PBXContainerItemProxy section */

/* Begin PBXFileReference section */
		9743EEC82956F1AE0057DEC6 /* MenuTableViewCell.swift */ = {isa = PBXFileReference; lastKnownFileType = sourcecode.swift; path = MenuTableViewCell.swift; sourceTree = "<group>"; };
		9743EECB2956F8270057DEC6 /* Models.swift */ = {isa = PBXFileReference; lastKnownFileType = sourcecode.swift; path = Models.swift; sourceTree = "<group>"; };
		9743EECE2956F85F0057DEC6 /* MenuViewModel.swift */ = {isa = PBXFileReference; lastKnownFileType = sourcecode.swift; path = MenuViewModel.swift; sourceTree = "<group>"; };
		9743EED22956FA230057DEC6 /* MenuCellController.swift */ = {isa = PBXFileReference; lastKnownFileType = sourcecode.swift; path = MenuCellController.swift; sourceTree = "<group>"; };
		9768CCA8294CB1EF007F1193 /* CaculatorApp.app */ = {isa = PBXFileReference; explicitFileType = wrapper.application; includeInIndex = 0; path = CaculatorApp.app; sourceTree = BUILT_PRODUCTS_DIR; };
		9768CCAB294CB1EF007F1193 /* AppDelegate.swift */ = {isa = PBXFileReference; lastKnownFileType = sourcecode.swift; path = AppDelegate.swift; sourceTree = "<group>"; };
		9768CCAD294CB1EF007F1193 /* SceneDelegate.swift */ = {isa = PBXFileReference; lastKnownFileType = sourcecode.swift; path = SceneDelegate.swift; sourceTree = "<group>"; };
		9768CCAF294CB1EF007F1193 /* ViewController.swift */ = {isa = PBXFileReference; lastKnownFileType = sourcecode.swift; path = ViewController.swift; sourceTree = "<group>"; };
		9768CCB2294CB1EF007F1193 /* Base */ = {isa = PBXFileReference; lastKnownFileType = file.storyboard; name = Base; path = Base.lproj/Main.storyboard; sourceTree = "<group>"; };
		9768CCB4294CB1F0007F1193 /* Assets.xcassets */ = {isa = PBXFileReference; lastKnownFileType = folder.assetcatalog; path = Assets.xcassets; sourceTree = "<group>"; };
		9768CCB7294CB1F0007F1193 /* Base */ = {isa = PBXFileReference; lastKnownFileType = file.storyboard; name = Base; path = Base.lproj/LaunchScreen.storyboard; sourceTree = "<group>"; };
		9768CCB9294CB1F0007F1193 /* Info.plist */ = {isa = PBXFileReference; lastKnownFileType = text.plist.xml; path = Info.plist; sourceTree = "<group>"; };
		9768CCBE294CB1F1007F1193 /* CaculatorAppTests.xctest */ = {isa = PBXFileReference; explicitFileType = wrapper.cfbundle; includeInIndex = 0; path = CaculatorAppTests.xctest; sourceTree = BUILT_PRODUCTS_DIR; };
		9768CCC2294CB1F1007F1193 /* CaculatorAppTests.swift */ = {isa = PBXFileReference; lastKnownFileType = sourcecode.swift; path = CaculatorAppTests.swift; sourceTree = "<group>"; };
/* End PBXFileReference section */

/* Begin PBXFrameworksBuildPhase section */
		9768CCA5294CB1EF007F1193 /* Frameworks */ = {
			isa = PBXFrameworksBuildPhase;
			buildActionMask = 2147483647;
			files = (
			);
			runOnlyForDeploymentPostprocessing = 0;
		};
		9768CCBB294CB1F1007F1193 /* Frameworks */ = {
			isa = PBXFrameworksBuildPhase;
			buildActionMask = 2147483647;
			files = (
			);
			runOnlyForDeploymentPostprocessing = 0;
		};
/* End PBXFrameworksBuildPhase section */

/* Begin PBXGroup section */
		9743EECA2956F81D0057DEC6 /* Models */ = {
			isa = PBXGroup;
			children = (
				9743EECB2956F8270057DEC6 /* Models.swift */,
			);
			path = Models;
			sourceTree = "<group>";
		};
		9743EECD2956F8400057DEC6 /* Presentation Layer-ViewModels */ = {
			isa = PBXGroup;
			children = (
				9743EECE2956F85F0057DEC6 /* MenuViewModel.swift */,
			);
			path = "Presentation Layer-ViewModels";
			sourceTree = "<group>";
		};
		9743EED02956F8AA0057DEC6 /* Views-iOS */ = {
			isa = PBXGroup;
			children = (
				9768CCAF294CB1EF007F1193 /* ViewController.swift */,
				9743EED22956FA230057DEC6 /* MenuCellController.swift */,
				9743EEC82956F1AE0057DEC6 /* MenuTableViewCell.swift */,
			);
			path = "Views-iOS";
			sourceTree = "<group>";
		};
		9743EED12956F8D40057DEC6 /* Menu Items */ = {
			isa = PBXGroup;
			children = (
				9743EECA2956F81D0057DEC6 /* Models */,
				9743EECD2956F8400057DEC6 /* Presentation Layer-ViewModels */,
				9743EED02956F8AA0057DEC6 /* Views-iOS */,
			);
			path = "Menu Items";
			sourceTree = "<group>";
		};
		9768CC9F294CB1EF007F1193 = {
			isa = PBXGroup;
			children = (
				9768CCAA294CB1EF007F1193 /* CaculatorApp */,
				9768CCC1294CB1F1007F1193 /* CaculatorAppTests */,
				9768CCA9294CB1EF007F1193 /* Products */,
			);
			sourceTree = "<group>";
		};
		9768CCA9294CB1EF007F1193 /* Products */ = {
			isa = PBXGroup;
			children = (
				9768CCA8294CB1EF007F1193 /* CaculatorApp.app */,
				9768CCBE294CB1F1007F1193 /* CaculatorAppTests.xctest */,
			);
			name = Products;
			sourceTree = "<group>";
		};
		9768CCAA294CB1EF007F1193 /* CaculatorApp */ = {
			isa = PBXGroup;
			children = (
				9768CCAB294CB1EF007F1193 /* AppDelegate.swift */,
				9768CCAD294CB1EF007F1193 /* SceneDelegate.swift */,
				9743EED12956F8D40057DEC6 /* Menu Items */,
				9768CCB1294CB1EF007F1193 /* Main.storyboard */,
				9768CCB4294CB1F0007F1193 /* Assets.xcassets */,
				9768CCB6294CB1F0007F1193 /* LaunchScreen.storyboard */,
				9768CCB9294CB1F0007F1193 /* Info.plist */,
			);
			path = CaculatorApp;
			sourceTree = "<group>";
		};
		9768CCC1294CB1F1007F1193 /* CaculatorAppTests */ = {
			isa = PBXGroup;
			children = (
				9768CCC2294CB1F1007F1193 /* CaculatorAppTests.swift */,
			);
			path = CaculatorAppTests;
			sourceTree = "<group>";
		};
/* End PBXGroup section */

/* Begin PBXNativeTarget section */
		9768CCA7294CB1EF007F1193 /* CaculatorApp */ = {
			isa = PBXNativeTarget;
			buildConfigurationList = 9768CCD2294CB1F1007F1193 /* Build configuration list for PBXNativeTarget "CaculatorApp" */;
			buildPhases = (
				9768CCA4294CB1EF007F1193 /* Sources */,
				9768CCA5294CB1EF007F1193 /* Frameworks */,
				9768CCA6294CB1EF007F1193 /* Resources */,
			);
			buildRules = (
			);
			dependencies = (
			);
			name = CaculatorApp;
			productName = CaculatorApp;
			productReference = 9768CCA8294CB1EF007F1193 /* CaculatorApp.app */;
			productType = "com.apple.product-type.application";
		};
		9768CCBD294CB1F1007F1193 /* CaculatorAppTests */ = {
			isa = PBXNativeTarget;
			buildConfigurationList = 9768CCD5294CB1F1007F1193 /* Build configuration list for PBXNativeTarget "CaculatorAppTests" */;
			buildPhases = (
				9768CCBA294CB1F1007F1193 /* Sources */,
				9768CCBB294CB1F1007F1193 /* Frameworks */,
				9768CCBC294CB1F1007F1193 /* Resources */,
			);
			buildRules = (
			);
			dependencies = (
				9768CCC0294CB1F1007F1193 /* PBXTargetDependency */,
			);
			name = CaculatorAppTests;
			productName = CaculatorAppTests;
			productReference = 9768CCBE294CB1F1007F1193 /* CaculatorAppTests.xctest */;
			productType = "com.apple.product-type.bundle.unit-test";
		};
/* End PBXNativeTarget section */

/* Begin PBXProject section */
		9768CCA0294CB1EF007F1193 /* Project object */ = {
			isa = PBXProject;
			attributes = {
				BuildIndependentTargetsInParallel = 1;
				LastSwiftUpdateCheck = 1320;
				LastUpgradeCheck = 1320;
				TargetAttributes = {
					9768CCA7294CB1EF007F1193 = {
						CreatedOnToolsVersion = 13.2.1;
					};
					9768CCBD294CB1F1007F1193 = {
						CreatedOnToolsVersion = 13.2.1;
						TestTargetID = 9768CCA7294CB1EF007F1193;
					};
				};
			};
			buildConfigurationList = 9768CCA3294CB1EF007F1193 /* Build configuration list for PBXProject "CaculatorApp" */;
			compatibilityVersion = "Xcode 13.0";
			developmentRegion = en;
			hasScannedForEncodings = 0;
			knownRegions = (
				en,
				Base,
			);
			mainGroup = 9768CC9F294CB1EF007F1193;
			productRefGroup = 9768CCA9294CB1EF007F1193 /* Products */;
			projectDirPath = "";
			projectRoot = "";
			targets = (
				9768CCA7294CB1EF007F1193 /* CaculatorApp */,
				9768CCBD294CB1F1007F1193 /* CaculatorAppTests */,
			);
		};
/* End PBXProject section */

/* Begin PBXResourcesBuildPhase section */
		9768CCA6294CB1EF007F1193 /* Resources */ = {
			isa = PBXResourcesBuildPhase;
			buildActionMask = 2147483647;
			files = (
				9768CCB8294CB1F0007F1193 /* LaunchScreen.storyboard in Resources */,
				9768CCB5294CB1F0007F1193 /* Assets.xcassets in Resources */,
				9768CCB3294CB1EF007F1193 /* Main.storyboard in Resources */,
			);
			runOnlyForDeploymentPostprocessing = 0;
		};
		9768CCBC294CB1F1007F1193 /* Resources */ = {
			isa = PBXResourcesBuildPhase;
			buildActionMask = 2147483647;
			files = (
			);
			runOnlyForDeploymentPostprocessing = 0;
		};
/* End PBXResourcesBuildPhase section */

/* Begin PBXSourcesBuildPhase section */
		9768CCA4294CB1EF007F1193 /* Sources */ = {
			isa = PBXSourcesBuildPhase;
			buildActionMask = 2147483647;
			files = (
				9768CCB0294CB1EF007F1193 /* ViewController.swift in Sources */,
				9768CCAC294CB1EF007F1193 /* AppDelegate.swift in Sources */,
				9743EEC92956F1AE0057DEC6 /* MenuTableViewCell.swift in Sources */,
				9743EED32956FA230057DEC6 /* MenuCellController.swift in Sources */,
				9743EECF2956F85F0057DEC6 /* MenuViewModel.swift in Sources */,
				9768CCAE294CB1EF007F1193 /* SceneDelegate.swift in Sources */,
				9743EECC2956F8270057DEC6 /* Models.swift in Sources */,
			);
			runOnlyForDeploymentPostprocessing = 0;
		};
		9768CCBA294CB1F1007F1193 /* Sources */ = {
			isa = PBXSourcesBuildPhase;
			buildActionMask = 2147483647;
			files = (
				9768CCC3294CB1F1007F1193 /* CaculatorAppTests.swift in Sources */,
			);
			runOnlyForDeploymentPostprocessing = 0;
		};
/* End PBXSourcesBuildPhase section */

/* Begin PBXTargetDependency section */
		9768CCC0294CB1F1007F1193 /* PBXTargetDependency */ = {
			isa = PBXTargetDependency;
			target = 9768CCA7294CB1EF007F1193 /* CaculatorApp */;
			targetProxy = 9768CCBF294CB1F1007F1193 /* PBXContainerItemProxy */;
		};
/* End PBXTargetDependency section */

/* Begin PBXVariantGroup section */
		9768CCB1294CB1EF007F1193 /* Main.storyboard */ = {
			isa = PBXVariantGroup;
			children = (
				9768CCB2294CB1EF007F1193 /* Base */,
			);
			name = Main.storyboard;
			sourceTree = "<group>";
		};
		9768CCB6294CB1F0007F1193 /* LaunchScreen.storyboard */ = {
			isa = PBXVariantGroup;
			children = (
				9768CCB7294CB1F0007F1193 /* Base */,
			);
			name = LaunchScreen.storyboard;
			sourceTree = "<group>";
		};
/* End PBXVariantGroup section */

/* Begin XCBuildConfiguration section */
		9768CCD0294CB1F1007F1193 /* Debug */ = {
			isa = XCBuildConfiguration;
			buildSettings = {
				ALWAYS_SEARCH_USER_PATHS = NO;
				CLANG_ANALYZER_NONNULL = YES;
				CLANG_ANALYZER_NUMBER_OBJECT_CONVERSION = YES_AGGRESSIVE;
				CLANG_CXX_LANGUAGE_STANDARD = "gnu++17";
				CLANG_CXX_LIBRARY = "libc++";
				CLANG_ENABLE_MODULES = YES;
				CLANG_ENABLE_OBJC_ARC = YES;
				CLANG_ENABLE_OBJC_WEAK = YES;
				CLANG_WARN_BLOCK_CAPTURE_AUTORELEASING = YES;
				CLANG_WARN_BOOL_CONVERSION = YES;
				CLANG_WARN_COMMA = YES;
				CLANG_WARN_CONSTANT_CONVERSION = YES;
				CLANG_WARN_DEPRECATED_OBJC_IMPLEMENTATIONS = YES;
				CLANG_WARN_DIRECT_OBJC_ISA_USAGE = YES_ERROR;
				CLANG_WARN_DOCUMENTATION_COMMENTS = YES;
				CLANG_WARN_EMPTY_BODY = YES;
				CLANG_WARN_ENUM_CONVERSION = YES;
				CLANG_WARN_INFINITE_RECURSION = YES;
				CLANG_WARN_INT_CONVERSION = YES;
				CLANG_WARN_NON_LITERAL_NULL_CONVERSION = YES;
				CLANG_WARN_OBJC_IMPLICIT_RETAIN_SELF = YES;
				CLANG_WARN_OBJC_LITERAL_CONVERSION = YES;
				CLANG_WARN_OBJC_ROOT_CLASS = YES_ERROR;
				CLANG_WARN_QUOTED_INCLUDE_IN_FRAMEWORK_HEADER = YES;
				CLANG_WARN_RANGE_LOOP_ANALYSIS = YES;
				CLANG_WARN_STRICT_PROTOTYPES = YES;
				CLANG_WARN_SUSPICIOUS_MOVE = YES;
				CLANG_WARN_UNGUARDED_AVAILABILITY = YES_AGGRESSIVE;
				CLANG_WARN_UNREACHABLE_CODE = YES;
				CLANG_WARN__DUPLICATE_METHOD_MATCH = YES;
				COPY_PHASE_STRIP = NO;
				DEBUG_INFORMATION_FORMAT = dwarf;
				ENABLE_STRICT_OBJC_MSGSEND = YES;
				ENABLE_TESTABILITY = YES;
				GCC_C_LANGUAGE_STANDARD = gnu11;
				GCC_DYNAMIC_NO_PIC = NO;
				GCC_NO_COMMON_BLOCKS = YES;
				GCC_OPTIMIZATION_LEVEL = 0;
				GCC_PREPROCESSOR_DEFINITIONS = (
					"DEBUG=1",
					"$(inherited)",
				);
				GCC_WARN_64_TO_32_BIT_CONVERSION = YES;
				GCC_WARN_ABOUT_RETURN_TYPE = YES_ERROR;
				GCC_WARN_UNDECLARED_SELECTOR = YES;
				GCC_WARN_UNINITIALIZED_AUTOS = YES_AGGRESSIVE;
				GCC_WARN_UNUSED_FUNCTION = YES;
				GCC_WARN_UNUSED_VARIABLE = YES;
				IPHONEOS_DEPLOYMENT_TARGET = 15.2;
				MTL_ENABLE_DEBUG_INFO = INCLUDE_SOURCE;
				MTL_FAST_MATH = YES;
				ONLY_ACTIVE_ARCH = YES;
				SDKROOT = iphoneos;
				SWIFT_ACTIVE_COMPILATION_CONDITIONS = DEBUG;
				SWIFT_OPTIMIZATION_LEVEL = "-Onone";
			};
			name = Debug;
		};
		9768CCD1294CB1F1007F1193 /* Release */ = {
			isa = XCBuildConfiguration;
			buildSettings = {
				ALWAYS_SEARCH_USER_PATHS = NO;
				CLANG_ANALYZER_NONNULL = YES;
				CLANG_ANALYZER_NUMBER_OBJECT_CONVERSION = YES_AGGRESSIVE;
				CLANG_CXX_LANGUAGE_STANDARD = "gnu++17";
				CLANG_CXX_LIBRARY = "libc++";
				CLANG_ENABLE_MODULES = YES;
				CLANG_ENABLE_OBJC_ARC = YES;
				CLANG_ENABLE_OBJC_WEAK = YES;
				CLANG_WARN_BLOCK_CAPTURE_AUTORELEASING = YES;
				CLANG_WARN_BOOL_CONVERSION = YES;
				CLANG_WARN_COMMA = YES;
				CLANG_WARN_CONSTANT_CONVERSION = YES;
				CLANG_WARN_DEPRECATED_OBJC_IMPLEMENTATIONS = YES;
				CLANG_WARN_DIRECT_OBJC_ISA_USAGE = YES_ERROR;
				CLANG_WARN_DOCUMENTATION_COMMENTS = YES;
				CLANG_WARN_EMPTY_BODY = YES;
				CLANG_WARN_ENUM_CONVERSION = YES;
				CLANG_WARN_INFINITE_RECURSION = YES;
				CLANG_WARN_INT_CONVERSION = YES;
				CLANG_WARN_NON_LITERAL_NULL_CONVERSION = YES;
				CLANG_WARN_OBJC_IMPLICIT_RETAIN_SELF = YES;
				CLANG_WARN_OBJC_LITERAL_CONVERSION = YES;
				CLANG_WARN_OBJC_ROOT_CLASS = YES_ERROR;
				CLANG_WARN_QUOTED_INCLUDE_IN_FRAMEWORK_HEADER = YES;
				CLANG_WARN_RANGE_LOOP_ANALYSIS = YES;
				CLANG_WARN_STRICT_PROTOTYPES = YES;
				CLANG_WARN_SUSPICIOUS_MOVE = YES;
				CLANG_WARN_UNGUARDED_AVAILABILITY = YES_AGGRESSIVE;
				CLANG_WARN_UNREACHABLE_CODE = YES;
				CLANG_WARN__DUPLICATE_METHOD_MATCH = YES;
				COPY_PHASE_STRIP = NO;
				DEBUG_INFORMATION_FORMAT = "dwarf-with-dsym";
				ENABLE_NS_ASSERTIONS = NO;
				ENABLE_STRICT_OBJC_MSGSEND = YES;
				GCC_C_LANGUAGE_STANDARD = gnu11;
				GCC_NO_COMMON_BLOCKS = YES;
				GCC_WARN_64_TO_32_BIT_CONVERSION = YES;
				GCC_WARN_ABOUT_RETURN_TYPE = YES_ERROR;
				GCC_WARN_UNDECLARED_SELECTOR = YES;
				GCC_WARN_UNINITIALIZED_AUTOS = YES_AGGRESSIVE;
				GCC_WARN_UNUSED_FUNCTION = YES;
				GCC_WARN_UNUSED_VARIABLE = YES;
				IPHONEOS_DEPLOYMENT_TARGET = 15.2;
				MTL_ENABLE_DEBUG_INFO = NO;
				MTL_FAST_MATH = YES;
				SDKROOT = iphoneos;
				SWIFT_COMPILATION_MODE = wholemodule;
				SWIFT_OPTIMIZATION_LEVEL = "-O";
				VALIDATE_PRODUCT = YES;
			};
			name = Release;
		};
		9768CCD3294CB1F1007F1193 /* Debug */ = {
			isa = XCBuildConfiguration;
			buildSettings = {
				ASSETCATALOG_COMPILER_APPICON_NAME = AppIcon;
				ASSETCATALOG_COMPILER_GLOBAL_ACCENT_COLOR_NAME = AccentColor;
				CODE_SIGN_STYLE = Automatic;
				CURRENT_PROJECT_VERSION = 1;
				GENERATE_INFOPLIST_FILE = YES;
				INFOPLIST_FILE = CaculatorApp/Info.plist;
				INFOPLIST_KEY_UIApplicationSupportsIndirectInputEvents = YES;
				INFOPLIST_KEY_UILaunchStoryboardName = LaunchScreen;
				INFOPLIST_KEY_UIMainStoryboardFile = Main;
				INFOPLIST_KEY_UISupportedInterfaceOrientations_iPad = "UIInterfaceOrientationPortrait UIInterfaceOrientationPortraitUpsideDown UIInterfaceOrientationLandscapeLeft UIInterfaceOrientationLandscapeRight";
				INFOPLIST_KEY_UISupportedInterfaceOrientations_iPhone = "UIInterfaceOrientationPortrait UIInterfaceOrientationLandscapeLeft UIInterfaceOrientationLandscapeRight";
				LD_RUNPATH_SEARCH_PATHS = (
					"$(inherited)",
					"@executable_path/Frameworks",
				);
				MARKETING_VERSION = 1.0;
				PRODUCT_BUNDLE_IDENTIFIER = AM.CaculatorApp;
				PRODUCT_NAME = "$(TARGET_NAME)";
				SWIFT_EMIT_LOC_STRINGS = YES;
				SWIFT_VERSION = 5.0;
				TARGETED_DEVICE_FAMILY = 1;
			};
			name = Debug;
		};
		9768CCD4294CB1F1007F1193 /* Release */ = {
			isa = XCBuildConfiguration;
			buildSettings = {
				ASSETCATALOG_COMPILER_APPICON_NAME = AppIcon;
				ASSETCATALOG_COMPILER_GLOBAL_ACCENT_COLOR_NAME = AccentColor;
				CODE_SIGN_STYLE = Automatic;
				CURRENT_PROJECT_VERSION = 1;
				GENERATE_INFOPLIST_FILE = YES;
				INFOPLIST_FILE = CaculatorApp/Info.plist;
				INFOPLIST_KEY_UIApplicationSupportsIndirectInputEvents = YES;
				INFOPLIST_KEY_UILaunchStoryboardName = LaunchScreen;
				INFOPLIST_KEY_UIMainStoryboardFile = Main;
				INFOPLIST_KEY_UISupportedInterfaceOrientations_iPad = "UIInterfaceOrientationPortrait UIInterfaceOrientationPortraitUpsideDown UIInterfaceOrientationLandscapeLeft UIInterfaceOrientationLandscapeRight";
				INFOPLIST_KEY_UISupportedInterfaceOrientations_iPhone = "UIInterfaceOrientationPortrait UIInterfaceOrientationLandscapeLeft UIInterfaceOrientationLandscapeRight";
				LD_RUNPATH_SEARCH_PATHS = (
					"$(inherited)",
					"@executable_path/Frameworks",
				);
				MARKETING_VERSION = 1.0;
				PRODUCT_BUNDLE_IDENTIFIER = AM.CaculatorApp;
				PRODUCT_NAME = "$(TARGET_NAME)";
				SWIFT_EMIT_LOC_STRINGS = YES;
				SWIFT_VERSION = 5.0;
				TARGETED_DEVICE_FAMILY = 1;
			};
			name = Release;
		};
		9768CCD6294CB1F1007F1193 /* Debug */ = {
			isa = XCBuildConfiguration;
			buildSettings = {
				ALWAYS_EMBED_SWIFT_STANDARD_LIBRARIES = YES;
				BUNDLE_LOADER = "$(TEST_HOST)";
				CODE_SIGN_STYLE = Automatic;
				CURRENT_PROJECT_VERSION = 1;
				GENERATE_INFOPLIST_FILE = YES;
				IPHONEOS_DEPLOYMENT_TARGET = 15.2;
				MARKETING_VERSION = 1.0;
				PRODUCT_BUNDLE_IDENTIFIER = AM.CaculatorAppTests;
				PRODUCT_NAME = "$(TARGET_NAME)";
				SWIFT_EMIT_LOC_STRINGS = NO;
				SWIFT_VERSION = 5.0;
				TARGETED_DEVICE_FAMILY = "1,2";
				TEST_HOST = "$(BUILT_PRODUCTS_DIR)/CaculatorApp.app/CaculatorApp";
			};
			name = Debug;
		};
		9768CCD7294CB1F1007F1193 /* Release */ = {
			isa = XCBuildConfiguration;
			buildSettings = {
				ALWAYS_EMBED_SWIFT_STANDARD_LIBRARIES = YES;
				BUNDLE_LOADER = "$(TEST_HOST)";
				CODE_SIGN_STYLE = Automatic;
				CURRENT_PROJECT_VERSION = 1;
				GENERATE_INFOPLIST_FILE = YES;
				IPHONEOS_DEPLOYMENT_TARGET = 15.2;
				MARKETING_VERSION = 1.0;
				PRODUCT_BUNDLE_IDENTIFIER = AM.CaculatorAppTests;
				PRODUCT_NAME = "$(TARGET_NAME)";
				SWIFT_EMIT_LOC_STRINGS = NO;
				SWIFT_VERSION = 5.0;
				TARGETED_DEVICE_FAMILY = "1,2";
				TEST_HOST = "$(BUILT_PRODUCTS_DIR)/CaculatorApp.app/CaculatorApp";
			};
			name = Release;
		};
/* End XCBuildConfiguration section */

/* Begin XCConfigurationList section */
		9768CCA3294CB1EF007F1193 /* Build configuration list for PBXProject "CaculatorApp" */ = {
			isa = XCConfigurationList;
			buildConfigurations = (
				9768CCD0294CB1F1007F1193 /* Debug */,
				9768CCD1294CB1F1007F1193 /* Release */,
			);
			defaultConfigurationIsVisible = 0;
			defaultConfigurationName = Release;
		};
		9768CCD2294CB1F1007F1193 /* Build configuration list for PBXNativeTarget "CaculatorApp" */ = {
			isa = XCConfigurationList;
			buildConfigurations = (
				9768CCD3294CB1F1007F1193 /* Debug */,
				9768CCD4294CB1F1007F1193 /* Release */,
			);
			defaultConfigurationIsVisible = 0;
			defaultConfigurationName = Release;
		};
		9768CCD5294CB1F1007F1193 /* Build configuration list for PBXNativeTarget "CaculatorAppTests" */ = {
			isa = XCConfigurationList;
			buildConfigurations = (
				9768CCD6294CB1F1007F1193 /* Debug */,
				9768CCD7294CB1F1007F1193 /* Release */,
			);
			defaultConfigurationIsVisible = 0;
			defaultConfigurationName = Release;
		};
/* End XCConfigurationList section */
	};
	rootObject = 9768CCA0294CB1EF007F1193 /* Project object */;
}
